
Microsoft Visual Studio Solution File, Format Version 12.00
# Visual Studio Version 17
VisualStudioVersion = 17.13.35617.110 d17.13
MinimumVisualStudioVersion = 10.0.40219.1
Project("{888888A0-9F3D-457C-B088-3A5042F75D52}") = "Lesson1", "Lesson1\Lesson1.pyproj", "{12E758BB-B790-4C15-92BD-829CD1129180}"
EndProject
Global
	GlobalSection(SolutionConfigurationPlatforms) = preSolution
		Debug|Any CPU = Debug|Any CPU
		Release|Any CPU = Release|Any CPU
	EndGlobalSection
	GlobalSection(ProjectConfigurationPlatforms) = postSolution
		{12E758BB-B790-4C15-92BD-829CD1129180}.Debug|Any CPU.ActiveCfg = Debug|Any CPU
		{12E758BB-B790-4C15-92BD-829CD1129180}.Release|Any CPU.ActiveCfg = Release|Any CPU
	EndGlobalSection
	GlobalSection(SolutionProperties) = preSolution
		HideSolutionNode = FALSE
	EndGlobalSection
	GlobalSection(ExtensibilityGlobals) = postSolution
		SolutionGuid = {AC93BA98-8140-4CFE-B00A-7442C616B1A5}
	EndGlobalSection
EndGlobal
